
Microsoft Visual Studio Solution File, Format Version 12.00
# Visual Studio Version 17
VisualStudioVersion = 17.5.33530.505
MinimumVisualStudioVersion = 10.0.40219.1
Project("{9A19103F-16F7-4668-BE54-9A1E7A4F7556}") = "CalculatorOfArea", "CalculatorOfArea.csproj", "{DC28D031-A262-43EA-86C5-0AB3956E1453}"
EndProject
Project("{9A19103F-16F7-4668-BE54-9A1E7A4F7556}") = "ConsoleAppForVisualization", "..\ConsoleAppForVisualization\ConsoleAppForVisualization.csproj", "{BAE13519-64D9-4B91-AF81-E2020B4D7200}"
EndProject
Global
	GlobalSection(SolutionConfigurationPlatforms) = preSolution
		Debug|Any CPU = Debug|Any CPU
		Release|Any CPU = Release|Any CPU
	EndGlobalSection
	GlobalSection(ProjectConfigurationPlatforms) = postSolution
		{DC28D031-A262-43EA-86C5-0AB3956E1453}.Debug|Any CPU.ActiveCfg = Debug|Any CPU
		{DC28D031-A262-43EA-86C5-0AB3956E1453}.Debug|Any CPU.Build.0 = Debug|Any CPU
		{DC28D031-A262-43EA-86C5-0AB3956E1453}.Release|Any CPU.ActiveCfg = Release|Any CPU
		{DC28D031-A262-43EA-86C5-0AB3956E1453}.Release|Any CPU.Build.0 = Release|Any CPU
		{BAE13519-64D9-4B91-AF81-E2020B4D7200}.Debug|Any CPU.ActiveCfg = Debug|Any CPU
		{BAE13519-64D9-4B91-AF81-E2020B4D7200}.Debug|Any CPU.Build.0 = Debug|Any CPU
		{BAE13519-64D9-4B91-AF81-E2020B4D7200}.Release|Any CPU.ActiveCfg = Release|Any CPU
		{BAE13519-64D9-4B91-AF81-E2020B4D7200}.Release|Any CPU.Build.0 = Release|Any CPU
	EndGlobalSection
	GlobalSection(SolutionProperties) = preSolution
		HideSolutionNode = FALSE
	EndGlobalSection
	GlobalSection(ExtensibilityGlobals) = postSolution
		SolutionGuid = {2A057488-2849-4A1C-A635-55857350F93C}
	EndGlobalSection
EndGlobal
